Microsoft Visual Studio Solution File, Format Version 12.00
# Visual Studio Version 17
VisualStudioVersion = 17.0.31808.319
MinimumVisualStudioVersion = 16.0.0.0
Project("{9A19103F-16F7-4668-BE54-9A1E7A4F7556}") = "RemoteCarDiagz.Server", "Server\RemoteCarDiagz.Server.csproj", "{A3C455A4-AE87-49C7-96FD-53E217E51F00}"
EndProject
Project("{9A19103F-16F7-4668-BE54-9A1E7A4F7556}") = "RemoteCarDiagz.Client", "Client\RemoteCarDiagz.Client.csproj", "{AD54DE60-EFDE-46E7-9F5C-64D93A5ED84D}"
EndProject
Project("{9A19103F-16F7-4668-BE54-9A1E7A4F7556}") = "RemoteCarDiagz.Shared", "Shared\RemoteCarDiagz.Shared.csproj", "{54506C2E-6FAC-432A-A353-B671CE8D9A68}"
EndProject
Project("{9A19103F-16F7-4668-BE54-9A1E7A4F7556}") = "RemoteCarDiagz.MqttBroker", "MqttBroker\RemoteCarDiagz.MqttBroker.csproj", "{953B07DD-5CAE-43C2-B9E0-B5D2A66F299B}"
EndProject
Global
	GlobalSection(SolutionConfigurationPlatforms) = preSolution
		Debug|Any CPU = Debug|Any CPU
		Debug|x64 = Debug|x64
		Debug|x86 = Debug|x86
		Release|Any CPU = Release|Any CPU
		Release|x64 = Release|x64
		Release|x86 = Release|x86
	EndGlobalSection
	GlobalSection(ProjectConfigurationPlatforms) = postSolution
		{A3C455A4-AE87-49C7-96FD-53E217E51F00}.Debug|Any CPU.ActiveCfg = Debug|Any CPU
		{A3C455A4-AE87-49C7-96FD-53E217E51F00}.Debug|Any CPU.Build.0 = Debug|Any CPU
		{A3C455A4-AE87-49C7-96FD-53E217E51F00}.Debug|x64.ActiveCfg = Debug|Any CPU
		{A3C455A4-AE87-49C7-96FD-53E217E51F00}.Debug|x64.Build.0 = Debug|Any CPU
		{A3C455A4-AE87-49C7-96FD-53E217E51F00}.Debug|x86.ActiveCfg = Debug|Any CPU
		{A3C455A4-AE87-49C7-96FD-53E217E51F00}.Debug|x86.Build.0 = Debug|Any CPU
		{A3C455A4-AE87-49C7-96FD-53E217E51F00}.Release|Any CPU.ActiveCfg = Release|Any CPU
		{A3C455A4-AE87-49C7-96FD-53E217E51F00}.Release|Any CPU.Build.0 = Release|Any CPU
		{A3C455A4-AE87-49C7-96FD-53E217E51F00}.Release|x64.ActiveCfg = Release|Any CPU
		{A3C455A4-AE87-49C7-96FD-53E217E51F00}.Release|x64.Build.0 = Release|Any CPU
		{A3C455A4-AE87-49C7-96FD-53E217E51F00}.Release|x86.ActiveCfg = Release|Any CPU
		{A3C455A4-AE87-49C7-96FD-53E217E51F00}.Release|x86.Build.0 = Release|Any CPU
		{AD54DE60-EFDE-46E7-9F5C-64D93A5ED84D}.Debug|Any CPU.ActiveCfg = Debug|Any CPU
		{AD54DE60-EFDE-46E7-9F5C-64D93A5ED84D}.Debug|Any CPU.Build.0 = Debug|Any CPU
		{AD54DE60-EFDE-46E7-9F5C-64D93A5ED84D}.Debug|x64.ActiveCfg = Debug|Any CPU
		{AD54DE60-EFDE-46E7-9F5C-64D93A5ED84D}.Debug|x64.Build.0 = Debug|Any CPU
		{AD54DE60-EFDE-46E7-9F5C-64D93A5ED84D}.Debug|x86.ActiveCfg = Debug|Any CPU
		{AD54DE60-EFDE-46E7-9F5C-64D93A5ED84D}.Debug|x86.Build.0 = Debug|Any CPU
		{AD54DE60-EFDE-46E7-9F5C-64D93A5ED84D}.Release|Any CPU.ActiveCfg = Release|Any CPU
		{AD54DE60-EFDE-46E7-9F5C-64D93A5ED84D}.Release|Any CPU.Build.0 = Release|Any CPU
		{AD54DE60-EFDE-46E7-9F5C-64D93A5ED84D}.Release|x64.ActiveCfg = Release|Any CPU
		{AD54DE60-EFDE-46E7-9F5C-64D93A5ED84D}.Release|x64.Build.0 = Release|Any CPU
		{AD54DE60-EFDE-46E7-9F5C-64D93A5ED84D}.Release|x86.ActiveCfg = Release|Any CPU
		{AD54DE60-EFDE-46E7-9F5C-64D93A5ED84D}.Release|x86.Build.0 = Release|Any CPU
		{54506C2E-6FAC-432A-A353-B671CE8D9A68}.Debug|Any CPU.ActiveCfg = Debug|Any CPU
		{54506C2E-6FAC-432A-A353-B671CE8D9A68}.Debug|Any CPU.Build.0 = Debug|Any CPU
		{54506C2E-6FAC-432A-A353-B671CE8D9A68}.Debug|x64.ActiveCfg = Debug|Any CPU
		{54506C2E-6FAC-432A-A353-B671CE8D9A68}.Debug|x64.Build.0 = Debug|Any CPU
		{54506C2E-6FAC-432A-A353-B671CE8D9A68}.Debug|x86.ActiveCfg = Debug|Any CPU
		{54506C2E-6FAC-432A-A353-B671CE8D9A68}.Debug|x86.Build.0 = Debug|Any CPU
		{54506C2E-6FAC-432A-A353-B671CE8D9A68}.Release|Any CPU.ActiveCfg = Release|Any CPU
		{54506C2E-6FAC-432A-A353-B671CE8D9A68}.Release|Any CPU.Build.0 = Release|Any CPU
		{54506C2E-6FAC-432A-A353-B671CE8D9A68}.Release|x64.ActiveCfg = Release|Any CPU
		{54506C2E-6FAC-432A-A353-B671CE8D9A68}.Release|x64.Build.0 = Release|Any CPU
		{54506C2E-6FAC-432A-A353-B671CE8D9A68}.Release|x86.ActiveCfg = Release|Any CPU
		{54506C2E-6FAC-432A-A353-B671CE8D9A68}.Release|x86.Build.0 = Release|Any CPU
		{953B07DD-5CAE-43C2-B9E0-B5D2A66F299B}.Debug|Any CPU.ActiveCfg = Debug|Any CPU
		{953B07DD-5CAE-43C2-B9E0-B5D2A66F299B}.Debug|Any CPU.Build.0 = Debug|Any CPU
		{953B07DD-5CAE-43C2-B9E0-B5D2A66F299B}.Debug|x64.ActiveCfg = Debug|Any CPU
		{953B07DD-5CAE-43C2-B9E0-B5D2A66F299B}.Debug|x64.Build.0 = Debug|Any CPU
		{953B07DD-5CAE-43C2-B9E0-B5D2A66F299B}.Debug|x86.ActiveCfg = Debug|Any CPU
		{953B07DD-5CAE-43C2-B9E0-B5D2A66F299B}.Debug|x86.Build.0 = Debug|Any CPU
		{953B07DD-5CAE-43C2-B9E0-B5D2A66F299B}.Release|Any CPU.ActiveCfg = Release|Any CPU
		{953B07DD-5CAE-43C2-B9E0-B5D2A66F299B}.Release|Any CPU.Build.0 = Release|Any CPU
		{953B07DD-5CAE-43C2-B9E0-B5D2A66F299B}.Release|x64.ActiveCfg = Release|Any CPU
		{953B07DD-5CAE-43C2-B9E0-B5D2A66F299B}.Release|x64.Build.0 = Release|Any CPU
		{953B07DD-5CAE-43C2-B9E0-B5D2A66F299B}.Release|x86.ActiveCfg = Release|Any CPU
		{953B07DD-5CAE-43C2-B9E0-B5D2A66F299B}.Release|x86.Build.0 = Release|Any CPU
	EndGlobalSection
	GlobalSection(SolutionProperties) = preSolution
		HideSolutionNode = FALSE
	EndGlobalSection
	GlobalSection(ExtensibilityGlobals) = postSolution
		SolutionGuid = {DD7A4D01-CEF0-4A9B-904A-9271CCA90C37}
	EndGlobalSection
EndGlobal
